// !$*UTF8*$!
{
	archiveVersion = 1;
	classes = {
	};
	objectVersion = 50;
	objects = {

/* Begin PBXBuildFile section */
		F57CCD88266FA82900C4957B /* AppDelegate.swift in Sources */ = {isa = PBXBuildFile; fileRef = F57CCD87266FA82900C4957B /* AppDelegate.swift */; };
		F57CCD8A266FA82900C4957B /* SceneDelegate.swift in Sources */ = {isa = PBXBuildFile; fileRef = F57CCD89266FA82900C4957B /* SceneDelegate.swift */; };
		F57CCD8C266FA82900C4957B /* ViewController.swift in Sources */ = {isa = PBXBuildFile; fileRef = F57CCD8B266FA82900C4957B /* ViewController.swift */; };
		F57CCD8F266FA82900C4957B /* Main.storyboard in Resources */ = {isa = PBXBuildFile; fileRef = F57CCD8D266FA82900C4957B /* Main.storyboard */; };
		F57CCD91266FA82D00C4957B /* Assets.xcassets in Resources */ = {isa = PBXBuildFile; fileRef = F57CCD90266FA82D00C4957B /* Assets.xcassets */; };
		F57CCD94266FA82D00C4957B /* LaunchScreen.storyboard in Resources */ = {isa = PBXBuildFile; fileRef = F57CCD92266FA82D00C4957B /* LaunchScreen.storyboard */; };
/* End PBXBuildFile section */

/* Begin PBXFileReference section */
		F57CCD84266FA82900C4957B /* TrackList(UiTableView).app */ = {isa = PBXFileReference; explicitFileType = wrapper.application; includeInIndex = 0; path = "TrackList(UiTableView).app"; sourceTree = BUILT_PRODUCTS_DIR; };
		F57CCD87266FA82900C4957B /* AppDelegate.swift */ = {isa = PBXFileReference; lastKnownFileType = sourcecode.swift; path = AppDelegate.swift; sourceTree = "<group>"; };
		F57CCD89266FA82900C4957B /* SceneDelegate.swift */ = {isa = PBXFileReference; lastKnownFileType = sourcecode.swift; path = SceneDelegate.swift; sourceTree = "<group>"; };
		F57CCD8B266FA82900C4957B /* ViewController.swift */ = {isa = PBXFileReference; lastKnownFileType = sourcecode.swift; path = ViewController.swift; sourceTree = "<group>"; };
		F57CCD8E266FA82900C4957B /* Base */ = {isa = PBXFileReference; lastKnownFileType = file.storyboard; name = Base; path = Base.lproj/Main.storyboard; sourceTree = "<group>"; };
		F57CCD90266FA82D00C4957B /* Assets.xcassets */ = {isa = PBXFileReference; lastKnownFileType = folder.assetcatalog; path = Assets.xcassets; sourceTree = "<group>"; };
		F57CCD93266FA82D00C4957B /* Base */ = {isa = PBXFileReference; lastKnownFileType = file.storyboard; name = Base; path = Base.lproj/LaunchScreen.storyboard; sourceTree = "<group>"; };
		F57CCD95266FA82D00C4957B /* Info.plist */ = {isa = PBXFileReference; lastKnownFileType = text.plist.xml; path = Info.plist; sourceTree = "<group>"; };
/* End PBXFileReference section */

/* Begin PBXFrameworksBuildPhase section */
		F57CCD81266FA82900C4957B /* Frameworks */ = {
			isa = PBXFrameworksBuildPhase;
			buildActionMask = 2147483647;
			files = (
			);
			runOnlyForDeploymentPostprocessing = 0;
		};
/* End PBXFrameworksBuildPhase section */

/* Begin PBXGroup section */
		F57CCD7B266FA82900C4957B = {
			isa = PBXGroup;
			children = (
				F57CCD86266FA82900C4957B /* TrackList(UiTableView) */,
				F57CCD85266FA82900C4957B /* Products */,
			);
			sourceTree = "<group>";
		};
		F57CCD85266FA82900C4957B /* Products */ = {
			isa = PBXGroup;
			children = (
				F57CCD84266FA82900C4957B /* TrackList(UiTableView).app */,
			);
			name = Products;
			sourceTree = "<group>";
		};
		F57CCD86266FA82900C4957B /* TrackList(UiTableView) */ = {
			isa = PBXGroup;
			children = (
				F57CCD87266FA82900C4957B /* AppDelegate.swift */,
				F57CCD89266FA82900C4957B /* SceneDelegate.swift */,
				F57CCD8B266FA82900C4957B /* ViewController.swift */,
				F57CCD8D266FA82900C4957B /* Main.storyboard */,
				F57CCD90266FA82D00C4957B /* Assets.xcassets */,
				F57CCD92266FA82D00C4957B /* LaunchScreen.storyboard */,
				F57CCD95266FA82D00C4957B /* Info.plist */,
			);
			path = "TrackList(UiTableView)";
			sourceTree = "<group>";
		};
/* End PBXGroup section */

/* Begin PBXNativeTarget section */
		F57CCD83266FA82900C4957B /* TrackList(UiTableView) */ = {
			isa = PBXNativeTarget;
			buildConfigurationList = F57CCD98266FA82D00C4957B /* Build configuration list for PBXNativeTarget "TrackList(UiTableView)" */;
			buildPhases = (
				F57CCD80266FA82900C4957B /* Sources */,
				F57CCD81266FA82900C4957B /* Frameworks */,
				F57CCD82266FA82900C4957B /* Resources */,
			);
			buildRules = (
			);
			dependencies = (
			);
			name = "TrackList(UiTableView)";
			productName = "TrackList(UiTableView)";
			productReference = F57CCD84266FA82900C4957B /* TrackList(UiTableView).app */;
			productType = "com.apple.product-type.application";
		};
/* End PBXNativeTarget section */

/* Begin PBXProject section */
		F57CCD7C266FA82900C4957B /* Project object */ = {
			isa = PBXProject;
			attributes = {
				LastSwiftUpdateCheck = 1240;
				LastUpgradeCheck = 1240;
				TargetAttributes = {
					F57CCD83266FA82900C4957B = {
						CreatedOnToolsVersion = 12.4;
					};
				};
			};
			buildConfigurationList = F57CCD7F266FA82900C4957B /* Build configuration list for PBXProject "TrackList(UiTableView)" */;
			compatibilityVersion = "Xcode 9.3";
			developmentRegion = en;
			hasScannedForEncodings = 0;
			knownRegions = (
				en,
				Base,
			);
			mainGroup = F57CCD7B266FA82900C4957B;
			productRefGroup = F57CCD85266FA82900C4957B /* Products */;
			projectDirPath = "";
			projectRoot = "";
			targets = (
				F57CCD83266FA82900C4957B /* TrackList(UiTableView) */,
			);
		};
/* End PBXProject section */

/* Begin PBXResourcesBuildPhase section */
		F57CCD82266FA82900C4957B /* Resources */ = {
			isa = PBXResourcesBuildPhase;
			buildActionMask = 2147483647;
			files = (
				F57CCD94266FA82D00C4957B /* LaunchScreen.storyboard in Resources */,
				F57CCD91266FA82D00C4957B /* Assets.xcassets in Resources */,
				F57CCD8F266FA82900C4957B /* Main.storyboard in Resources */,
			);
			runOnlyForDeploymentPostprocessing = 0;
		};
/* End PBXResourcesBuildPhase section */

/* Begin PBXSourcesBuildPhase section */
		F57CCD80266FA82900C4957B /* Sources */ = {
			isa = PBXSourcesBuildPhase;
			buildActionMask = 2147483647;
			files = (
				F57CCD8C266FA82900C4957B /* ViewController.swift in Sources */,
				F57CCD88266FA82900C4957B /* AppDelegate.swift in Sources */,
				F57CCD8A266FA82900C4957B /* SceneDelegate.swift in Sources */,
			);
			runOnlyForDeploymentPostprocessing = 0;
		};
/* End PBXSourcesBuildPhase section */

/* Begin PBXVariantGroup section */
		F57CCD8D266FA82900C4957B /* Main.storyboard */ = {
			isa = PBXVariantGroup;
			children = (
				F57CCD8E266FA82900C4957B /* Base */,
			);
			name = Main.storyboard;
			sourceTree = "<group>";
		};
		F57CCD92266FA82D00C4957B /* LaunchScreen.storyboard */ = {
			isa = PBXVariantGroup;
			children = (
				F57CCD93266FA82D00C4957B /* Base */,
			);
			name = LaunchScreen.storyboard;
			sourceTree = "<group>";
		};
/* End PBXVariantGroup section */

/* Begin XCBuildConfiguration section */
		F57CCD96266FA82D00C4957B /* Debug */ = {
			isa = XCBuildConfiguration;
			buildSettings = {
				ALWAYS_SEARCH_USER_PATHS = NO;
				CLANG_ANALYZER_NONNULL = YES;
				CLANG_ANALYZER_NUMBER_OBJECT_CONVERSION = YES_AGGRESSIVE;
				CLANG_CXX_LANGUAGE_STANDARD = "gnu++14";
				CLANG_CXX_LIBRARY = "libc++";
				CLANG_ENABLE_MODULES = YES;
				CLANG_ENABLE_OBJC_ARC = YES;
				CLANG_ENABLE_OBJC_WEAK = YES;
				CLANG_WARN_BLOCK_CAPTURE_AUTORELEASING = YES;
				CLANG_WARN_BOOL_CONVERSION = YES;
				CLANG_WARN_COMMA = YES;
				CLANG_WARN_CONSTANT_CONVERSION = YES;
				CLANG_WARN_DEPRECATED_OBJC_IMPLEMENTATIONS = YES;
				CLANG_WARN_DIRECT_OBJC_ISA_USAGE = YES_ERROR;
				CLANG_WARN_DOCUMENTATION_COMMENTS = YES;
				CLANG_WARN_EMPTY_BODY = YES;
				CLANG_WARN_ENUM_CONVERSION = YES;
				CLANG_WARN_INFINITE_RECURSION = YES;
				CLANG_WARN_INT_CONVERSION = YES;
				CLANG_WARN_NON_LITERAL_NULL_CONVERSION = YES;
				CLANG_WARN_OBJC_IMPLICIT_RETAIN_SELF = YES;
				CLANG_WARN_OBJC_LITERAL_CONVERSION = YES;
				CLANG_WARN_OBJC_ROOT_CLASS = YES_ERROR;
				CLANG_WARN_QUOTED_INCLUDE_IN_FRAMEWORK_HEADER = YES;
				CLANG_WARN_RANGE_LOOP_ANALYSIS = YES;
				CLANG_WARN_STRICT_PROTOTYPES = YES;
				CLANG_WARN_SUSPICIOUS_MOVE = YES;
				CLANG_WARN_UNGUARDED_AVAILABILITY = YES_AGGRESSIVE;
				CLANG_WARN_UNREACHABLE_CODE = YES;
				CLANG_WARN__DUPLICATE_METHOD_MATCH = YES;
				COPY_PHASE_STRIP = NO;
				DEBUG_INFORMATION_FORMAT = dwarf;
				ENABLE_STRICT_OBJC_MSGSEND = YES;
				ENABLE_TESTABILITY = YES;
				GCC_C_LANGUAGE_STANDARD = gnu11;
				GCC_DYNAMIC_NO_PIC = NO;
				GCC_NO_COMMON_BLOCKS = YES;
				GCC_OPTIMIZATION_LEVEL = 0;
				GCC_PREPROCESSOR_DEFINITIONS = (
					"DEBUG=1",
					"$(inherited)",
				);
				GCC_WARN_64_TO_32_BIT_CONVERSION = YES;
				GCC_WARN_ABOUT_RETURN_TYPE = YES_ERROR;
				GCC_WARN_UNDECLARED_SELECTOR = YES;
				GCC_WARN_UNINITIALIZED_AUTOS = YES_AGGRESSIVE;
				GCC_WARN_UNUSED_FUNCTION = YES;
				GCC_WARN_UNUSED_VARIABLE = YES;
				IPHONEOS_DEPLOYMENT_TARGET = 14.4;
				MTL_ENABLE_DEBUG_INFO = INCLUDE_SOURCE;
				MTL_FAST_MATH = YES;
				ONLY_ACTIVE_ARCH = YES;
				SDKROOT = iphoneos;
				SWIFT_ACTIVE_COMPILATION_CONDITIONS = DEBUG;
				SWIFT_OPTIMIZATION_LEVEL = "-Onone";
			};
			name = Debug;
		};
		F57CCD97266FA82D00C4957B /* Release */ = {
			isa = XCBuildConfiguration;
			buildSettings = {
				ALWAYS_SEARCH_USER_PATHS = NO;
				CLANG_ANALYZER_NONNULL = YES;
				CLANG_ANALYZER_NUMBER_OBJECT_CONVERSION = YES_AGGRESSIVE;
				CLANG_CXX_LANGUAGE_STANDARD = "gnu++14";
				CLANG_CXX_LIBRARY = "libc++";
				CLANG_ENABLE_MODULES = YES;
				CLANG_ENABLE_OBJC_ARC = YES;
				CLANG_ENABLE_OBJC_WEAK = YES;
				CLANG_WARN_BLOCK_CAPTURE_AUTORELEASING = YES;
				CLANG_WARN_BOOL_CONVERSION = YES;
				CLANG_WARN_COMMA = YES;
				CLANG_WARN_CONSTANT_CONVERSION = YES;
				CLANG_WARN_DEPRECATED_OBJC_IMPLEMENTATIONS = YES;
				CLANG_WARN_DIRECT_OBJC_ISA_USAGE = YES_ERROR;
				CLANG_WARN_DOCUMENTATION_COMMENTS = YES;
				CLANG_WARN_EMPTY_BODY = YES;
				CLANG_WARN_ENUM_CONVERSION = YES;
				CLANG_WARN_INFINITE_RECURSION = YES;
				CLANG_WARN_INT_CONVERSION = YES;
				CLANG_WARN_NON_LITERAL_NULL_CONVERSION = YES;
				CLANG_WARN_OBJC_IMPLICIT_RETAIN_SELF = YES;
				CLANG_WARN_OBJC_LITERAL_CONVERSION = YES;
				CLANG_WARN_OBJC_ROOT_CLASS = YES_ERROR;
				CLANG_WARN_QUOTED_INCLUDE_IN_FRAMEWORK_HEADER = YES;
				CLANG_WARN_RANGE_LOOP_ANALYSIS = YES;
				CLANG_WARN_STRICT_PROTOTYPES = YES;
				CLANG_WARN_SUSPICIOUS_MOVE = YES;
				CLANG_WARN_UNGUARDED_AVAILABILITY = YES_AGGRESSIVE;
				CLANG_WARN_UNREACHABLE_CODE = YES;
				CLANG_WARN__DUPLICATE_METHOD_MATCH = YES;
				COPY_PHASE_STRIP = NO;
				DEBUG_INFORMATION_FORMAT = "dwarf-with-dsym";
				ENABLE_NS_ASSERTIONS = NO;
				ENABLE_STRICT_OBJC_MSGSEND = YES;
				GCC_C_LANGUAGE_STANDARD = gnu11;
				GCC_NO_COMMON_BLOCKS = YES;
				GCC_WARN_64_TO_32_BIT_CONVERSION = YES;
				GCC_WARN_ABOUT_RETURN_TYPE = YES_ERROR;
				GCC_WARN_UNDECLARED_SELECTOR = YES;
				GCC_WARN_UNINITIALIZED_AUTOS = YES_AGGRESSIVE;
				GCC_WARN_UNUSED_FUNCTION = YES;
				GCC_WARN_UNUSED_VARIABLE = YES;
				IPHONEOS_DEPLOYMENT_TARGET = 14.4;
				MTL_ENABLE_DEBUG_INFO = NO;
				MTL_FAST_MATH = YES;
				SDKROOT = iphoneos;
				SWIFT_COMPILATION_MODE = wholemodule;
				SWIFT_OPTIMIZATION_LEVEL = "-O";
				VALIDATE_PRODUCT = YES;
			};
			name = Release;
		};
		F57CCD99266FA82D00C4957B /* Debug */ = {
			isa = XCBuildConfiguration;
			buildSettings = {
				ASSETCATALOG_COMPILER_APPICON_NAME = AppIcon;
				ASSETCATALOG_COMPILER_GLOBAL_ACCENT_COLOR_NAME = AccentColor;
				CODE_SIGN_STYLE = Automatic;
				DEVELOPMENT_TEAM = 2MWMY8N7DT;
				INFOPLIST_FILE = "TrackList(UiTableView)/Info.plist";
				IPHONEOS_DEPLOYMENT_TARGET = 14.1;
				LD_RUNPATH_SEARCH_PATHS = (
					"$(inherited)",
					"@executable_path/Frameworks",
				);
				PRODUCT_BUNDLE_IDENTIFIER = "com.vzinevich.TrackList-UiTableView-";
				PRODUCT_NAME = "$(TARGET_NAME)";
				SWIFT_VERSION = 5.0;
				TARGETED_DEVICE_FAMILY = "1,2";
			};
			name = Debug;
		};
		F57CCD9A266FA82D00C4957B /* Release */ = {
			isa = XCBuildConfiguration;
			buildSettings = {
				ASSETCATALOG_COMPILER_APPICON_NAME = AppIcon;
				ASSETCATALOG_COMPILER_GLOBAL_ACCENT_COLOR_NAME = AccentColor;
				CODE_SIGN_STYLE = Automatic;
				DEVELOPMENT_TEAM = 2MWMY8N7DT;
				INFOPLIST_FILE = "TrackList(UiTableView)/Info.plist";
				IPHONEOS_DEPLOYMENT_TARGET = 14.1;
				LD_RUNPATH_SEARCH_PATHS = (
					"$(inherited)",
					"@executable_path/Frameworks",
				);
				PRODUCT_BUNDLE_IDENTIFIER = "com.vzinevich.TrackList-UiTableView-";
				PRODUCT_NAME = "$(TARGET_NAME)";
				SWIFT_VERSION = 5.0;
				TARGETED_DEVICE_FAMILY = "1,2";
			};
			name = Release;
		};
/* End XCBuildConfiguration section */

/* Begin XCConfigurationList section */
		F57CCD7F266FA82900C4957B /* Build configuration list for PBXProject "TrackList(UiTableView)" */ = {
			isa = XCConfigurationList;
			buildConfigurations = (
				F57CCD96266FA82D00C4957B /* Debug */,
				F57CCD97266FA82D00C4957B /* Release */,
			);
			defaultConfigurationIsVisible = 0;
			defaultConfigurationName = Release;
		};
		F57CCD98266FA82D00C4957B /* Build configuration list for PBXNativeTarget "TrackList(UiTableView)" */ = {
			isa = XCConfigurationList;
			buildConfigurations = (
				F57CCD99266FA82D00C4957B /* Debug */,
				F57CCD9A266FA82D00C4957B /* Release */,
			);
			defaultConfigurationIsVisible = 0;
			defaultConfigurationName = Release;
		};
/* End XCConfigurationList section */
	};
	rootObject = F57CCD7C266FA82900C4957B /* Project object */;
}
